{
  "nodes": {
    "home-manager": {
      "inputs": {
        "nixpkgs": "nixpkgs"
      },
      "locked": {
        "lastModified": 1720042825,
        "narHash": "sha256-A0vrUB6x82/jvf17qPCpxaM+ulJnD8YZwH9Ci0BsAzE=",
        "owner": "nix-community",
        "repo": "home-manager",
        "rev": "e1391fb22e18a36f57e6999c7a9f966dc80ac073",
        "type": "github"
      },
      "original": {
        "owner": "nix-community",
        "ref": "release-24.05",
        "repo": "home-manager",
        "type": "github"
      }
    },
    "nixos-06cb-009a-fingerprint-sensor": {
      "inputs": {
        "nixpkgs": "nixpkgs_2"
      },
      "locked": {
        "lastModified": 1702831324,
        "narHash": "sha256-bpDHKBDBcuMO14FFdBCEfsW26hzu2lby6xtfoU0jKW4=",
        "owner": "ahbnr",
        "repo": "nixos-06cb-009a-fingerprint-sensor",
        "rev": "58a01fe62f5a71778bffaeb9929a118b4be0d222",
        "type": "github"
      },
      "original": {
        "owner": "ahbnr",
        "repo": "nixos-06cb-009a-fingerprint-sensor",
        "type": "github"
      }
    },
    "nixpkgs": {
      "locked": {
        "lastModified": 1720954236,
        "narHash": "sha256-1mEKHp4m9brvfQ0rjCca8P1WHpymK3TOr3v34ydv9bs=",
        "owner": "NixOS",
        "repo": "nixpkgs",
        "rev": "53e81e790209e41f0c1efa9ff26ff2fd7ab35e27",
        "type": "github"
      },
      "original": {
        "owner": "NixOS",
        "ref": "nixos-24.05",
        "repo": "nixpkgs",
        "type": "github"
      }
    },
    "nixpkgs-23-11": {
      "locked": {
        "lastModified": 1720535198,
        "narHash": "sha256-zwVvxrdIzralnSbcpghA92tWu2DV2lwv89xZc8MTrbg=",
        "owner": "NixOS",
        "repo": "nixpkgs",
        "rev": "205fd4226592cc83fd4c0885a3e4c9c400efabb5",
        "type": "github"
      },
      "original": {
        "owner": "NixOS",
        "ref": "nixos-23.11",
        "repo": "nixpkgs",
        "type": "github"
      }
    },
    "nixpkgs_2": {
      "locked": {
        "lastModified": 1720535198,
        "narHash": "sha256-zwVvxrdIzralnSbcpghA92tWu2DV2lwv89xZc8MTrbg=",
        "owner": "NixOS",
        "repo": "nixpkgs",
        "rev": "205fd4226592cc83fd4c0885a3e4c9c400efabb5",
        "type": "github"
      },
      "original": {
        "id": "nixpkgs",
        "ref": "nixos-23.11",
        "type": "indirect"
      }
    },
    "nixpkgs_3": {
      "locked": {
        "lastModified": 1720954236,
        "narHash": "sha256-1mEKHp4m9brvfQ0rjCca8P1WHpymK3TOr3v34ydv9bs=",
        "owner": "NixOS",
        "repo": "nixpkgs",
        "rev": "53e81e790209e41f0c1efa9ff26ff2fd7ab35e27",
        "type": "github"
      },
      "original": {
        "owner": "NixOS",
        "ref": "nixos-24.05",
        "repo": "nixpkgs",
        "type": "github"
      }
    },
    "root": {
      "inputs": {
        "home-manager": "home-manager",
        "nixos-06cb-009a-fingerprint-sensor": "nixos-06cb-009a-fingerprint-sensor",
        "nixpkgs": "nixpkgs_3",
        "nixpkgs-23-11": "nixpkgs-23-11"
      }
    }
  },
  "root": "root",
  "version": 7
}
